
Microsoft Visual Studio Solution File, Format Version 12.00
# Visual Studio 14
VisualStudioVersion = 14.0.25123.0
MinimumVisualStudioVersion = 10.0.40219.1
Project("{697390DB-13B5-4FDB-BAAE-1F1072B619DF}") = "Sitecore.Support.154639", "Sitecore.Support.154639\Sitecore.Support.154639.csproj", "{72761509-1B84-4A36-94D6-D45A3F2F52D3}"
EndProject
Global
	GlobalSection(SolutionConfigurationPlatforms) = preSolution
		Debug|Any CPU = Debug|Any CPU
		Release|Any CPU = Release|Any CPU
	EndGlobalSection
	GlobalSection(ProjectConfigurationPlatforms) = postSolution
		{72761509-1B84-4A36-94D6-D45A3F2F52D3}.Debug|Any CPU.ActiveCfg = Debug|Any CPU
		{72761509-1B84-4A36-94D6-D45A3F2F52D3}.Debug|Any CPU.Build.0 = Debug|Any CPU
		{72761509-1B84-4A36-94D6-D45A3F2F52D3}.Release|Any CPU.ActiveCfg = Release|Any CPU
		{72761509-1B84-4A36-94D6-D45A3F2F52D3}.Release|Any CPU.Build.0 = Release|Any CPU
	EndGlobalSection
	GlobalSection(SolutionProperties) = preSolution
		HideSolutionNode = FALSE
	EndGlobalSection
EndGlobal
